
Microsoft Visual Studio Solution File, Format Version 11.00
# Visual C++ Express 2010
Project("{8BC9CEB8-8B4A-11D0-8D11-00A0C91BC942}") = "Lab6-2", "Lab6-2.vcxproj", "{548E68FA-6001-4ACD-9FFC-C845CAC872ED}"
EndProject
Global
	GlobalSection(SolutionConfigurationPlatforms) = preSolution
		Debug|Win32 = Debug|Win32
		Release|Win32 = Release|Win32
	EndGlobalSection
	GlobalSection(ProjectConfigurationPlatforms) = postSolution
		{548E68FA-6001-4ACD-9FFC-C845CAC872ED}.Debug|Win32.ActiveCfg = Debug|Win32
		{548E68FA-6001-4ACD-9FFC-C845CAC872ED}.Debug|Win32.Build.0 = Debug|Win32
		{548E68FA-6001-4ACD-9FFC-C845CAC872ED}.Release|Win32.ActiveCfg = Release|Win32
		{548E68FA-6001-4ACD-9FFC-C845CAC872ED}.Release|Win32.Build.0 = Release|Win32
	EndGlobalSection
	GlobalSection(SolutionProperties) = preSolution
		HideSolutionNode = FALSE
	EndGlobalSection
EndGlobal
