
Microsoft Visual Studio Solution File, Format Version 11.00
# Visual C++ Express 2010
Project("{8BC9CEB8-8B4A-11D0-8D11-00A0C91BC942}") = "prim", "prim\prim.vcxproj", "{A5015401-DD98-483B-8C63-947BA8926462}"
EndProject
Global
	GlobalSection(SolutionConfigurationPlatforms) = preSolution
		Debug|Win32 = Debug|Win32
		Release|Win32 = Release|Win32
	EndGlobalSection
	GlobalSection(ProjectConfigurationPlatforms) = postSolution
		{A5015401-DD98-483B-8C63-947BA8926462}.Debug|Win32.ActiveCfg = Debug|Win32
		{A5015401-DD98-483B-8C63-947BA8926462}.Debug|Win32.Build.0 = Debug|Win32
		{A5015401-DD98-483B-8C63-947BA8926462}.Release|Win32.ActiveCfg = Release|Win32
		{A5015401-DD98-483B-8C63-947BA8926462}.Release|Win32.Build.0 = Release|Win32
	EndGlobalSection
	GlobalSection(SolutionProperties) = preSolution
		HideSolutionNode = FALSE
	EndGlobalSection
EndGlobal
